// !$*UTF8*$!
{
	archiveVersion = 1;
	classes = {
	};
	objectVersion = 46;
	objects = {

/* Begin PBXBuildFile section */
		180118741EEE2DA30097FBA9 /* CurrentUser.swift in Sources */ = {isa = PBXBuildFile; fileRef = 180118731EEE2DA30097FBA9 /* CurrentUser.swift */; };
		180118761EEE71D20097FBA9 /* RestaurantDatabaseController.swift in Sources */ = {isa = PBXBuildFile; fileRef = 180118751EEE71D20097FBA9 /* RestaurantDatabaseController.swift */; };
		180118781EEE71DE0097FBA9 /* MySQLOps.swift in Sources */ = {isa = PBXBuildFile; fileRef = 180118771EEE71DE0097FBA9 /* MySQLOps.swift */; };
		1801187A1EEE84F80097FBA9 /* commentsTableViewCell.swift in Sources */ = {isa = PBXBuildFile; fileRef = 180118791EEE84F80097FBA9 /* commentsTableViewCell.swift */; };
		18294F741EE6DE1700815EDA /* MinorDianping.xcdatamodeld in Sources */ = {isa = PBXBuildFile; fileRef = 18294F6E1EE6DE1700815EDA /* MinorDianping.xcdatamodeld */; };
		18294F881EE6E08200815EDA /* CityDatabaseController.swift in Sources */ = {isa = PBXBuildFile; fileRef = 18294F871EE6E08200815EDA /* CityDatabaseController.swift */; };
		183073E81ED4128800CA3558 /* RatingControl.swift in Sources */ = {isa = PBXBuildFile; fileRef = 183073E71ED4128800CA3558 /* RatingControl.swift */; };
		183073EA1ED41C6C00CA3558 /* CommentShopViewController.swift in Sources */ = {isa = PBXBuildFile; fileRef = 183073E91ED41C6C00CA3558 /* CommentShopViewController.swift */; };
		184CFCD21EAE1F0E002EC798 /* AppDelegate.swift in Sources */ = {isa = PBXBuildFile; fileRef = 184CFCD11EAE1F0E002EC798 /* AppDelegate.swift */; };
		184CFCD71EAE1F0E002EC798 /* Main.storyboard in Resources */ = {isa = PBXBuildFile; fileRef = 184CFCD51EAE1F0E002EC798 /* Main.storyboard */; };
		184CFCDC1EAE1F0E002EC798 /* Assets.xcassets in Resources */ = {isa = PBXBuildFile; fileRef = 184CFCDB1EAE1F0E002EC798 /* Assets.xcassets */; };
		184CFCDF1EAE1F0E002EC798 /* LaunchScreen.storyboard in Resources */ = {isa = PBXBuildFile; fileRef = 184CFCDD1EAE1F0E002EC798 /* LaunchScreen.storyboard */; };
		184CFCEA1EAE1F0F002EC798 /* MinorDianpingTests.swift in Sources */ = {isa = PBXBuildFile; fileRef = 184CFCE91EAE1F0F002EC798 /* MinorDianpingTests.swift */; };
		184CFCF51EAE1F0F002EC798 /* MinorDianpingUITests.swift in Sources */ = {isa = PBXBuildFile; fileRef = 184CFCF41EAE1F0F002EC798 /* MinorDianpingUITests.swift */; };
		185303EB1EE989190027B683 /* UserInfo+CoreDataClass.swift in Sources */ = {isa = PBXBuildFile; fileRef = 185303E51EE989190027B683 /* UserInfo+CoreDataClass.swift */; };
		185303EC1EE989190027B683 /* UserInfo+CoreDataProperties.swift in Sources */ = {isa = PBXBuildFile; fileRef = 185303E61EE989190027B683 /* UserInfo+CoreDataProperties.swift */; };
		185303ED1EE989190027B683 /* City+CoreDataClass.swift in Sources */ = {isa = PBXBuildFile; fileRef = 185303E71EE989190027B683 /* City+CoreDataClass.swift */; };
		185303EE1EE989190027B683 /* City+CoreDataProperties.swift in Sources */ = {isa = PBXBuildFile; fileRef = 185303E81EE989190027B683 /* City+CoreDataProperties.swift */; };
		185303EF1EE989190027B683 /* Restaurant+CoreDataClass.swift in Sources */ = {isa = PBXBuildFile; fileRef = 185303E91EE989190027B683 /* Restaurant+CoreDataClass.swift */; };
		185303F01EE989190027B683 /* Restaurant+CoreDataProperties.swift in Sources */ = {isa = PBXBuildFile; fileRef = 185303EA1EE989190027B683 /* Restaurant+CoreDataProperties.swift */; };
		185303F21EE98A180027B683 /* DatabaseController.swift in Sources */ = {isa = PBXBuildFile; fileRef = 185303F11EE98A180027B683 /* DatabaseController.swift */; };
		185303F41EE98A550027B683 /* Info.plist in Resources */ = {isa = PBXBuildFile; fileRef = 185303F31EE98A550027B683 /* Info.plist */; };
		185303FA1EE98AD20027B683 /* SyncEngine.swift in Sources */ = {isa = PBXBuildFile; fileRef = 185303F91EE98AD20027B683 /* SyncEngine.swift */; };
		185303FC1EE98AF70027B683 /* UserInfoDatabaseController.swift in Sources */ = {isa = PBXBuildFile; fileRef = 185303FB1EE98AF70027B683 /* UserInfoDatabaseController.swift */; };
		185B7B961EF41736002CB9B7 /* mexico.csv in Resources */ = {isa = PBXBuildFile; fileRef = 185B7B951EF41736002CB9B7 /* mexico.csv */; };
		185E06561EC342670027929F /* MapViewController.swift in Sources */ = {isa = PBXBuildFile; fileRef = 185E06551EC342670027929F /* MapViewController.swift */; };
		185F355A1ED670F4007F94A8 /* searchBrain.swift in Sources */ = {isa = PBXBuildFile; fileRef = 185F35591ED670F4007F94A8 /* searchBrain.swift */; };
		18767B461ED0634500C8D6C2 /* ShopViewController.swift in Sources */ = {isa = PBXBuildFile; fileRef = 18767B451ED0634500C8D6C2 /* ShopViewController.swift */; };
		1877A5E51ED6F1E3007A4561 /* SearchViewController.swift in Sources */ = {isa = PBXBuildFile; fileRef = 1877A5E41ED6F1E3007A4561 /* SearchViewController.swift */; };
		1877A5E71ED713BA007A4561 /* AccountViewController.swift in Sources */ = {isa = PBXBuildFile; fileRef = 1877A5E61ED713BA007A4561 /* AccountViewController.swift */; };
		188E53AE1EECD7D900632111 /* Shop.swift in Sources */ = {isa = PBXBuildFile; fileRef = 188E53AD1EECD7D900632111 /* Shop.swift */; };
		188E53B01EED2FF600632111 /* SignInViewController.swift in Sources */ = {isa = PBXBuildFile; fileRef = 188E53AF1EED2FF600632111 /* SignInViewController.swift */; };
		18967CD41ED5A04900687541 /* CSVHelper.swift in Sources */ = {isa = PBXBuildFile; fileRef = 18967CCF1ED5A04900687541 /* CSVHelper.swift */; };
		18967CD61ED5A04900687541 /* Nanjing.csv in Resources */ = {isa = PBXBuildFile; fileRef = 18967CD11ED5A04900687541 /* Nanjing.csv */; };
		18B2F71B1ECF201200086EC6 /* ShopTableViewController.swift in Sources */ = {isa = PBXBuildFile; fileRef = 18B2F71A1ECF201200086EC6 /* ShopTableViewController.swift */; };
		18B2F71D1ECF210300086EC6 /* Images in Resources */ = {isa = PBXBuildFile; fileRef = 18B2F71C1ECF210300086EC6 /* Images */; };
		18B82E4E1EC9E5250086A531 /* ShopTableViewCell.swift in Sources */ = {isa = PBXBuildFile; fileRef = 18B82E4D1EC9E5250086A531 /* ShopTableViewCell.swift */; };
		18FCF6EB1EE6A47300C547E5 /* CoreLocation.framework in Frameworks */ = {isa = PBXBuildFile; fileRef = 18FCF6EA1EE6A47300C547E5 /* CoreLocation.framework */; };
/* End PBXBuildFile section */

/* Begin PBXContainerItemProxy section */
		184CFCE61EAE1F0F002EC798 /* PBXContainerItemProxy */ = {
			isa = PBXContainerItemProxy;
			containerPortal = 184CFCC61EAE1F0E002EC798 /* Project object */;
			proxyType = 1;
			remoteGlobalIDString = 184CFCCD1EAE1F0E002EC798;
			remoteInfo = MinorDianping;
		};
		184CFCF11EAE1F0F002EC798 /* PBXContainerItemProxy */ = {
			isa = PBXContainerItemProxy;
			containerPortal = 184CFCC61EAE1F0E002EC798 /* Project object */;
			proxyType = 1;
			remoteGlobalIDString = 184CFCCD1EAE1F0E002EC798;
			remoteInfo = MinorDianping;
		};
/* End PBXContainerItemProxy section */

/* Begin PBXFileReference section */
		180118731EEE2DA30097FBA9 /* CurrentUser.swift */ = {isa = PBXFileReference; fileEncoding = 4; lastKnownFileType = sourcecode.swift; path = CurrentUser.swift; sourceTree = "<group>"; };
		180118751EEE71D20097FBA9 /* RestaurantDatabaseController.swift */ = {isa = PBXFileReference; fileEncoding = 4; lastKnownFileType = sourcecode.swift; path = RestaurantDatabaseController.swift; sourceTree = "<group>"; };
		180118771EEE71DE0097FBA9 /* MySQLOps.swift */ = {isa = PBXFileReference; fileEncoding = 4; lastKnownFileType = sourcecode.swift; path = MySQLOps.swift; sourceTree = "<group>"; };
		180118791EEE84F80097FBA9 /* commentsTableViewCell.swift */ = {isa = PBXFileReference; fileEncoding = 4; lastKnownFileType = sourcecode.swift; path = commentsTableViewCell.swift; sourceTree = "<group>"; };
		18294F6F1EE6DE1700815EDA /* MinorDianping v2.xcdatamodel */ = {isa = PBXFileReference; lastKnownFileType = wrapper.xcdatamodel; path = "MinorDianping v2.xcdatamodel"; sourceTree = "<group>"; };
		18294F701EE6DE1700815EDA /* MinorDianping v3.xcdatamodel */ = {isa = PBXFileReference; lastKnownFileType = wrapper.xcdatamodel; path = "MinorDianping v3.xcdatamodel"; sourceTree = "<group>"; };
		18294F711EE6DE1700815EDA /* MinorDianping v4.xcdatamodel */ = {isa = PBXFileReference; lastKnownFileType = wrapper.xcdatamodel; path = "MinorDianping v4.xcdatamodel"; sourceTree = "<group>"; };
		18294F721EE6DE1700815EDA /* MinorDianping v5.xcdatamodel */ = {isa = PBXFileReference; lastKnownFileType = wrapper.xcdatamodel; path = "MinorDianping v5.xcdatamodel"; sourceTree = "<group>"; };
		18294F731EE6DE1700815EDA /* MinorDianping.xcdatamodel */ = {isa = PBXFileReference; lastKnownFileType = wrapper.xcdatamodel; path = MinorDianping.xcdatamodel; sourceTree = "<group>"; };
		18294F871EE6E08200815EDA /* CityDatabaseController.swift */ = {isa = PBXFileReference; fileEncoding = 4; lastKnownFileType = sourcecode.swift; path = CityDatabaseController.swift; sourceTree = "<group>"; };
		183073E71ED4128800CA3558 /* RatingControl.swift */ = {isa = PBXFileReference; fileEncoding = 4; lastKnownFileType = sourcecode.swift; path = RatingControl.swift; sourceTree = "<group>"; };
		183073E91ED41C6C00CA3558 /* CommentShopViewController.swift */ = {isa = PBXFileReference; fileEncoding = 4; lastKnownFileType = sourcecode.swift; path = CommentShopViewController.swift; sourceTree = "<group>"; };
		184CFCCE1EAE1F0E002EC798 /* MinorDianping.app */ = {isa = PBXFileReference; explicitFileType = wrapper.application; includeInIndex = 0; path = MinorDianping.app; sourceTree = BUILT_PRODUCTS_DIR; };
		184CFCD11EAE1F0E002EC798 /* AppDelegate.swift */ = {isa = PBXFileReference; lastKnownFileType = sourcecode.swift; path = AppDelegate.swift; sourceTree = "<group>"; };
		184CFCD61EAE1F0E002EC798 /* Base */ = {isa = PBXFileReference; lastKnownFileType = file.storyboard; name = Base; path = Base.lproj/Main.storyboard; sourceTree = "<group>"; };
		184CFCDB1EAE1F0E002EC798 /* Assets.xcassets */ = {isa = PBXFileReference; lastKnownFileType = folder.assetcatalog; path = Assets.xcassets; sourceTree = "<group>"; };
		184CFCDE1EAE1F0E002EC798 /* Base */ = {isa = PBXFileReference; lastKnownFileType = file.storyboard; name = Base; path = Base.lproj/LaunchScreen.storyboard; sourceTree = "<group>"; };
		184CFCE51EAE1F0F002EC798 /* MinorDianpingTests.xctest */ = {isa = PBXFileReference; explicitFileType = wrapper.cfbundle; includeInIndex = 0; path = MinorDianpingTests.xctest; sourceTree = BUILT_PRODUCTS_DIR; };
		184CFCE91EAE1F0F002EC798 /* MinorDianpingTests.swift */ = {isa = PBXFileReference; lastKnownFileType = sourcecode.swift; path = MinorDianpingTests.swift; sourceTree = "<group>"; };
		184CFCEB1EAE1F0F002EC798 /* Info.plist */ = {isa = PBXFileReference; lastKnownFileType = text.plist.xml; path = Info.plist; sourceTree = "<group>"; };
		184CFCF01EAE1F0F002EC798 /* MinorDianpingUITests.xctest */ = {isa = PBXFileReference; explicitFileType = wrapper.cfbundle; includeInIndex = 0; path = MinorDianpingUITests.xctest; sourceTree = BUILT_PRODUCTS_DIR; };
		184CFCF41EAE1F0F002EC798 /* MinorDianpingUITests.swift */ = {isa = PBXFileReference; lastKnownFileType = sourcecode.swift; path = MinorDianpingUITests.swift; sourceTree = "<group>"; };
		184CFCF61EAE1F0F002EC798 /* Info.plist */ = {isa = PBXFileReference; lastKnownFileType = text.plist.xml; path = Info.plist; sourceTree = "<group>"; };
		185303E41EE987E60027B683 /* MinorDianping v6.xcdatamodel */ = {isa = PBXFileReference; lastKnownFileType = wrapper.xcdatamodel; path = "MinorDianping v6.xcdatamodel"; sourceTree = "<group>"; };
		185303E51EE989190027B683 /* UserInfo+CoreDataClass.swift */ = {isa = PBXFileReference; fileEncoding = 4; lastKnownFileType = sourcecode.swift; path = "UserInfo+CoreDataClass.swift"; sourceTree = "<group>"; };
		185303E61EE989190027B683 /* UserInfo+CoreDataProperties.swift */ = {isa = PBXFileReference; fileEncoding = 4; lastKnownFileType = sourcecode.swift; path = "UserInfo+CoreDataProperties.swift"; sourceTree = "<group>"; };
		185303E71EE989190027B683 /* City+CoreDataClass.swift */ = {isa = PBXFileReference; fileEncoding = 4; lastKnownFileType = sourcecode.swift; path = "City+CoreDataClass.swift"; sourceTree = "<group>"; };
		185303E81EE989190027B683 /* City+CoreDataProperties.swift */ = {isa = PBXFileReference; fileEncoding = 4; lastKnownFileType = sourcecode.swift; path = "City+CoreDataProperties.swift"; sourceTree = "<group>"; };
		185303E91EE989190027B683 /* Restaurant+CoreDataClass.swift */ = {isa = PBXFileReference; fileEncoding = 4; lastKnownFileType = sourcecode.swift; path = "Restaurant+CoreDataClass.swift"; sourceTree = "<group>"; };
		185303EA1EE989190027B683 /* Restaurant+CoreDataProperties.swift */ = {isa = PBXFileReference; fileEncoding = 4; lastKnownFileType = sourcecode.swift; path = "Restaurant+CoreDataProperties.swift"; sourceTree = "<group>"; };
		185303F11EE98A180027B683 /* DatabaseController.swift */ = {isa = PBXFileReference; fileEncoding = 4; lastKnownFileType = sourcecode.swift; path = DatabaseController.swift; sourceTree = "<group>"; };
		185303F31EE98A550027B683 /* Info.plist */ = {isa = PBXFileReference; fileEncoding = 4; lastKnownFileType = text.plist.xml; path = Info.plist; sourceTree = "<group>"; };
		185303F91EE98AD20027B683 /* SyncEngine.swift */ = {isa = PBXFileReference; fileEncoding = 4; lastKnownFileType = sourcecode.swift; path = SyncEngine.swift; sourceTree = "<group>"; };
		185303FB1EE98AF70027B683 /* UserInfoDatabaseController.swift */ = {isa = PBXFileReference; fileEncoding = 4; lastKnownFileType = sourcecode.swift; path = UserInfoDatabaseController.swift; sourceTree = "<group>"; };
		185B7B951EF41736002CB9B7 /* mexico.csv */ = {isa = PBXFileReference; fileEncoding = 4; lastKnownFileType = text; path = mexico.csv; sourceTree = "<group>"; };
		185E06551EC342670027929F /* MapViewController.swift */ = {isa = PBXFileReference; fileEncoding = 4; lastKnownFileType = sourcecode.swift; path = MapViewController.swift; sourceTree = "<group>"; };
		185F35591ED670F4007F94A8 /* searchBrain.swift */ = {isa = PBXFileReference; fileEncoding = 4; lastKnownFileType = sourcecode.swift; path = searchBrain.swift; sourceTree = "<group>"; };
		18767B451ED0634500C8D6C2 /* ShopViewController.swift */ = {isa = PBXFileReference; fileEncoding = 4; lastKnownFileType = sourcecode.swift; path = ShopViewController.swift; sourceTree = "<group>"; };
		1877A5E41ED6F1E3007A4561 /* SearchViewController.swift */ = {isa = PBXFileReference; fileEncoding = 4; lastKnownFileType = sourcecode.swift; path = SearchViewController.swift; sourceTree = "<group>"; };
		1877A5E61ED713BA007A4561 /* AccountViewController.swift */ = {isa = PBXFileReference; fileEncoding = 4; lastKnownFileType = sourcecode.swift; path = AccountViewController.swift; sourceTree = "<group>"; };
		188E53AD1EECD7D900632111 /* Shop.swift */ = {isa = PBXFileReference; fileEncoding = 4; lastKnownFileType = sourcecode.swift; path = Shop.swift; sourceTree = "<group>"; };
		188E53AF1EED2FF600632111 /* SignInViewController.swift */ = {isa = PBXFileReference; fileEncoding = 4; lastKnownFileType = sourcecode.swift; path = SignInViewController.swift; sourceTree = "<group>"; };
		18967CCF1ED5A04900687541 /* CSVHelper.swift */ = {isa = PBXFileReference; fileEncoding = 4; lastKnownFileType = sourcecode.swift; path = CSVHelper.swift; sourceTree = "<group>"; };
		18967CD11ED5A04900687541 /* Nanjing.csv */ = {isa = PBXFileReference; fileEncoding = 4; lastKnownFileType = text; path = Nanjing.csv; sourceTree = "<group>"; };
		18B2F71A1ECF201200086EC6 /* ShopTableViewController.swift */ = {isa = PBXFileReference; fileEncoding = 4; lastKnownFileType = sourcecode.swift; path = ShopTableViewController.swift; sourceTree = "<group>"; };
		18B2F71C1ECF210300086EC6 /* Images */ = {isa = PBXFileReference; lastKnownFileType = folder; path = Images; sourceTree = "<group>"; };
		18B82E4D1EC9E5250086A531 /* ShopTableViewCell.swift */ = {isa = PBXFileReference; fileEncoding = 4; lastKnownFileType = sourcecode.swift; path = ShopTableViewCell.swift; sourceTree = "<group>"; };
		18FC02621EF3694C00AEE9D5 /* MinorDianping-Bridging-Header.h */ = {isa = PBXFileReference; lastKnownFileType = sourcecode.c.h; path = "MinorDianping-Bridging-Header.h"; sourceTree = "<group>"; };
		18FCF6EA1EE6A47300C547E5 /* CoreLocation.framework */ = {isa = PBXFileReference; lastKnownFileType = wrapper.framework; name = CoreLocation.framework; path = System/Library/Frameworks/CoreLocation.framework; sourceTree = SDKROOT; };
/* End PBXFileReference section */

/* Begin PBXFrameworksBuildPhase section */
		184CFCCB1EAE1F0E002EC798 /* Frameworks */ = {
			isa = PBXFrameworksBuildPhase;
			buildActionMask = 2147483647;
			files = (
				18FCF6EB1EE6A47300C547E5 /* CoreLocation.framework in Frameworks */,
			);
			runOnlyForDeploymentPostprocessing = 0;
		};
		184CFCE21EAE1F0F002EC798 /* Frameworks */ = {
			isa = PBXFrameworksBuildPhase;
			buildActionMask = 2147483647;
			files = (
			);
			runOnlyForDeploymentPostprocessing = 0;
		};
		184CFCED1EAE1F0F002EC798 /* Frameworks */ = {
			isa = PBXFrameworksBuildPhase;
			buildActionMask = 2147483647;
			files = (
			);
			runOnlyForDeploymentPostprocessing = 0;
		};
/* End PBXFrameworksBuildPhase section */

/* Begin PBXGroup section */
		1801187B1EEE85020097FBA9 /* TableViewCell */ = {
			isa = PBXGroup;
			children = (
				18B82E4D1EC9E5250086A531 /* ShopTableViewCell.swift */,
				180118791EEE84F80097FBA9 /* commentsTableViewCell.swift */,
			);
			name = TableViewCell;
			sourceTree = "<group>";
		};
		18294F931EE6E2E700815EDA /* DatabaseControllers */ = {
			isa = PBXGroup;
			children = (
				180118751EEE71D20097FBA9 /* RestaurantDatabaseController.swift */,
				185303F11EE98A180027B683 /* DatabaseController.swift */,
				185303FB1EE98AF70027B683 /* UserInfoDatabaseController.swift */,
				18294F871EE6E08200815EDA /* CityDatabaseController.swift */,
			);
			name = DatabaseControllers;
			sourceTree = "<group>";
		};
		183073E61ED3DF8000CA3558 /* ViewContorllers */ = {
			isa = PBXGroup;
			children = (
				18B2F71A1ECF201200086EC6 /* ShopTableViewController.swift */,
				18767B451ED0634500C8D6C2 /* ShopViewController.swift */,
				183073E91ED41C6C00CA3558 /* CommentShopViewController.swift */,
				185E06551EC342670027929F /* MapViewController.swift */,
				1877A5E41ED6F1E3007A4561 /* SearchViewController.swift */,
				1877A5E61ED713BA007A4561 /* AccountViewController.swift */,
				188E53AF1EED2FF600632111 /* SignInViewController.swift */,
			);
			name = ViewContorllers;
			sourceTree = "<group>";
		};
		184CFCC51EAE1F0E002EC798 = {
			isa = PBXGroup;
			children = (
				184CFCD01EAE1F0E002EC798 /* MinorDianping */,
				184CFCE81EAE1F0F002EC798 /* MinorDianpingTests */,
				184CFCF31EAE1F0F002EC798 /* MinorDianpingUITests */,
				184CFCCF1EAE1F0E002EC798 /* Products */,
				18FCF6E91EE6A47300C547E5 /* Frameworks */,
			);
			sourceTree = "<group>";
		};
		184CFCCF1EAE1F0E002EC798 /* Products */ = {
			isa = PBXGroup;
			children = (
				184CFCCE1EAE1F0E002EC798 /* MinorDianping.app */,
				184CFCE51EAE1F0F002EC798 /* MinorDianpingTests.xctest */,
				184CFCF01EAE1F0F002EC798 /* MinorDianpingUITests.xctest */,
			);
			name = Products;
			sourceTree = "<group>";
		};
		184CFCD01EAE1F0E002EC798 /* MinorDianping */ = {
			isa = PBXGroup;
			children = (
				18294F931EE6E2E700815EDA /* DatabaseControllers */,
				18967CD91ED5A05800687541 /* Data */,
				1885DDA81EB21C3B0098F7D9 /* Supporting files */,
				1875D6EE1ECB3EBB0019A065 /* Models */,
				1801187B1EEE85020097FBA9 /* TableViewCell */,
				183073E61ED3DF8000CA3558 /* ViewContorllers */,
				18B2F71C1ECF210300086EC6 /* Images */,
				18294F6E1EE6DE1700815EDA /* MinorDianping.xcdatamodeld */,
				184CFCD51EAE1F0E002EC798 /* Main.storyboard */,
				185303F91EE98AD20027B683 /* SyncEngine.swift */,
				18967CCF1ED5A04900687541 /* CSVHelper.swift */,
				180118771EEE71DE0097FBA9 /* MySQLOps.swift */,
				188E53AD1EECD7D900632111 /* Shop.swift */,
				183073E71ED4128800CA3558 /* RatingControl.swift */,
				185F35591ED670F4007F94A8 /* searchBrain.swift */,
				180118731EEE2DA30097FBA9 /* CurrentUser.swift */,
				18FC02621EF3694C00AEE9D5 /* MinorDianping-Bridging-Header.h */,
			);
			path = MinorDianping;
			sourceTree = "<group>";
		};
		184CFCE81EAE1F0F002EC798 /* MinorDianpingTests */ = {
			isa = PBXGroup;
			children = (
				184CFCE91EAE1F0F002EC798 /* MinorDianpingTests.swift */,
				184CFCEB1EAE1F0F002EC798 /* Info.plist */,
			);
			path = MinorDianpingTests;
			sourceTree = "<group>";
		};
		184CFCF31EAE1F0F002EC798 /* MinorDianpingUITests */ = {
			isa = PBXGroup;
			children = (
				184CFCF41EAE1F0F002EC798 /* MinorDianpingUITests.swift */,
				184CFCF61EAE1F0F002EC798 /* Info.plist */,
			);
			path = MinorDianpingUITests;
			sourceTree = "<group>";
		};
		1875D6EE1ECB3EBB0019A065 /* Models */ = {
			isa = PBXGroup;
			children = (
				185303E61EE989190027B683 /* UserInfo+CoreDataProperties.swift */,
				185303E71EE989190027B683 /* City+CoreDataClass.swift */,
				185303E81EE989190027B683 /* City+CoreDataProperties.swift */,
				185303E91EE989190027B683 /* Restaurant+CoreDataClass.swift */,
				185303EA1EE989190027B683 /* Restaurant+CoreDataProperties.swift */,
				185303E51EE989190027B683 /* UserInfo+CoreDataClass.swift */,
			);
			name = Models;
			sourceTree = "<group>";
		};
		1885DDA81EB21C3B0098F7D9 /* Supporting files */ = {
			isa = PBXGroup;
			children = (
				185303F31EE98A550027B683 /* Info.plist */,
				184CFCDD1EAE1F0E002EC798 /* LaunchScreen.storyboard */,
				184CFCD11EAE1F0E002EC798 /* AppDelegate.swift */,
				184CFCDB1EAE1F0E002EC798 /* Assets.xcassets */,
			);
			name = "Supporting files";
			sourceTree = "<group>";
		};
		18967CD91ED5A05800687541 /* Data */ = {
			isa = PBXGroup;
			children = (
				185B7B951EF41736002CB9B7 /* mexico.csv */,
				18967CD11ED5A04900687541 /* Nanjing.csv */,
			);
			name = Data;
			sourceTree = "<group>";
		};
		18FCF6E91EE6A47300C547E5 /* Frameworks */ = {
			isa = PBXGroup;
			children = (
				18FCF6EA1EE6A47300C547E5 /* CoreLocation.framework */,
			);
			name = Frameworks;
			sourceTree = "<group>";
		};
/* End PBXGroup section */

/* Begin PBXNativeTarget section */
		184CFCCD1EAE1F0E002EC798 /* MinorDianping */ = {
			isa = PBXNativeTarget;
			buildConfigurationList = 184CFCF91EAE1F0F002EC798 /* Build configuration list for PBXNativeTarget "MinorDianping" */;
			buildPhases = (
				184CFCCA1EAE1F0E002EC798 /* Sources */,
				184CFCCB1EAE1F0E002EC798 /* Frameworks */,
				184CFCCC1EAE1F0E002EC798 /* Resources */,
			);
			buildRules = (
			);
			dependencies = (
			);
			name = MinorDianping;
			productName = MinorDianping;
			productReference = 184CFCCE1EAE1F0E002EC798 /* MinorDianping.app */;
			productType = "com.apple.product-type.application";
		};
		184CFCE41EAE1F0F002EC798 /* MinorDianpingTests */ = {
			isa = PBXNativeTarget;
			buildConfigurationList = 184CFCFC1EAE1F0F002EC798 /* Build configuration list for PBXNativeTarget "MinorDianpingTests" */;
			buildPhases = (
				184CFCE11EAE1F0F002EC798 /* Sources */,
				184CFCE21EAE1F0F002EC798 /* Frameworks */,
				184CFCE31EAE1F0F002EC798 /* Resources */,
			);
			buildRules = (
			);
			dependencies = (
				184CFCE71EAE1F0F002EC798 /* PBXTargetDependency */,
			);
			name = MinorDianpingTests;
			productName = MinorDianpingTests;
			productReference = 184CFCE51EAE1F0F002EC798 /* MinorDianpingTests.xctest */;
			productType = "com.apple.product-type.bundle.unit-test";
		};
		184CFCEF1EAE1F0F002EC798 /* MinorDianpingUITests */ = {
			isa = PBXNativeTarget;
			buildConfigurationList = 184CFCFF1EAE1F0F002EC798 /* Build configuration list for PBXNativeTarget "MinorDianpingUITests" */;
			buildPhases = (
				184CFCEC1EAE1F0F002EC798 /* Sources */,
				184CFCED1EAE1F0F002EC798 /* Frameworks */,
				184CFCEE1EAE1F0F002EC798 /* Resources */,
			);
			buildRules = (
			);
			dependencies = (
				184CFCF21EAE1F0F002EC798 /* PBXTargetDependency */,
			);
			name = MinorDianpingUITests;
			productName = MinorDianpingUITests;
			productReference = 184CFCF01EAE1F0F002EC798 /* MinorDianpingUITests.xctest */;
			productType = "com.apple.product-type.bundle.ui-testing";
		};
/* End PBXNativeTarget section */

/* Begin PBXProject section */
		184CFCC61EAE1F0E002EC798 /* Project object */ = {
			isa = PBXProject;
			attributes = {
				LastSwiftUpdateCheck = 0820;
				LastUpgradeCheck = 0820;
				ORGANIZATIONNAME = NJU.EE;
				TargetAttributes = {
					184CFCCD1EAE1F0E002EC798 = {
						CreatedOnToolsVersion = 8.2.1;
						DevelopmentTeam = 3F528M7TXJ;
						ProvisioningStyle = Automatic;
					};
					184CFCE41EAE1F0F002EC798 = {
						CreatedOnToolsVersion = 8.2.1;
						ProvisioningStyle = Automatic;
						TestTargetID = 184CFCCD1EAE1F0E002EC798;
					};
					184CFCEF1EAE1F0F002EC798 = {
						CreatedOnToolsVersion = 8.2.1;
						ProvisioningStyle = Automatic;
						TestTargetID = 184CFCCD1EAE1F0E002EC798;
					};
				};
			};
			buildConfigurationList = 184CFCC91EAE1F0E002EC798 /* Build configuration list for PBXProject "MinorDianping" */;
			compatibilityVersion = "Xcode 3.2";
			developmentRegion = English;
			hasScannedForEncodings = 0;
			knownRegions = (
				en,
				Base,
			);
			mainGroup = 184CFCC51EAE1F0E002EC798;
			productRefGroup = 184CFCCF1EAE1F0E002EC798 /* Products */;
			projectDirPath = "";
			projectRoot = "";
			targets = (
				184CFCCD1EAE1F0E002EC798 /* MinorDianping */,
				184CFCE41EAE1F0F002EC798 /* MinorDianpingTests */,
				184CFCEF1EAE1F0F002EC798 /* MinorDianpingUITests */,
			);
		};
/* End PBXProject section */

/* Begin PBXResourcesBuildPhase section */
		184CFCCC1EAE1F0E002EC798 /* Resources */ = {
			isa = PBXResourcesBuildPhase;
			buildActionMask = 2147483647;
			files = (
				18967CD61ED5A04900687541 /* Nanjing.csv in Resources */,
				18B2F71D1ECF210300086EC6 /* Images in Resources */,
				184CFCDF1EAE1F0E002EC798 /* LaunchScreen.storyboard in Resources */,
				184CFCDC1EAE1F0E002EC798 /* Assets.xcassets in Resources */,
				184CFCD71EAE1F0E002EC798 /* Main.storyboard in Resources */,
				185303F41EE98A550027B683 /* Info.plist in Resources */,
				185B7B961EF41736002CB9B7 /* mexico.csv in Resources */,
			);
			runOnlyForDeploymentPostprocessing = 0;
		};
		184CFCE31EAE1F0F002EC798 /* Resources */ = {
			isa = PBXResourcesBuildPhase;
			buildActionMask = 2147483647;
			files = (
			);
			runOnlyForDeploymentPostprocessing = 0;
		};
		184CFCEE1EAE1F0F002EC798 /* Resources */ = {
			isa = PBXResourcesBuildPhase;
			buildActionMask = 2147483647;
			files = (
			);
			runOnlyForDeploymentPostprocessing = 0;
		};
/* End PBXResourcesBuildPhase section */

/* Begin PBXSourcesBuildPhase section */
		184CFCCA1EAE1F0E002EC798 /* Sources */ = {
			isa = PBXSourcesBuildPhase;
			buildActionMask = 2147483647;
			files = (
				185303EE1EE989190027B683 /* City+CoreDataProperties.swift in Sources */,
				183073E81ED4128800CA3558 /* RatingControl.swift in Sources */,
				18B2F71B1ECF201200086EC6 /* ShopTableViewController.swift in Sources */,
				185303ED1EE989190027B683 /* City+CoreDataClass.swift in Sources */,
				185303F21EE98A180027B683 /* DatabaseController.swift in Sources */,
				185303FC1EE98AF70027B683 /* UserInfoDatabaseController.swift in Sources */,
				18767B461ED0634500C8D6C2 /* ShopViewController.swift in Sources */,
				1877A5E51ED6F1E3007A4561 /* SearchViewController.swift in Sources */,
				185F355A1ED670F4007F94A8 /* searchBrain.swift in Sources */,
				180118781EEE71DE0097FBA9 /* MySQLOps.swift in Sources */,
				1877A5E71ED713BA007A4561 /* AccountViewController.swift in Sources */,
				1801187A1EEE84F80097FBA9 /* commentsTableViewCell.swift in Sources */,
				18967CD41ED5A04900687541 /* CSVHelper.swift in Sources */,
				18294F741EE6DE1700815EDA /* MinorDianping.xcdatamodeld in Sources */,
				185303FA1EE98AD20027B683 /* SyncEngine.swift in Sources */,
				185303EB1EE989190027B683 /* UserInfo+CoreDataClass.swift in Sources */,
				183073EA1ED41C6C00CA3558 /* CommentShopViewController.swift in Sources */,
				180118741EEE2DA30097FBA9 /* CurrentUser.swift in Sources */,
				185303F01EE989190027B683 /* Restaurant+CoreDataProperties.swift in Sources */,
				188E53B01EED2FF600632111 /* SignInViewController.swift in Sources */,
				188E53AE1EECD7D900632111 /* Shop.swift in Sources */,
				185303EC1EE989190027B683 /* UserInfo+CoreDataProperties.swift in Sources */,
				18B82E4E1EC9E5250086A531 /* ShopTableViewCell.swift in Sources */,
				184CFCD21EAE1F0E002EC798 /* AppDelegate.swift in Sources */,
				185E06561EC342670027929F /* MapViewController.swift in Sources */,
				18294F881EE6E08200815EDA /* CityDatabaseController.swift in Sources */,
				185303EF1EE989190027B683 /* Restaurant+CoreDataClass.swift in Sources */,
				180118761EEE71D20097FBA9 /* RestaurantDatabaseController.swift in Sources */,
			);
			runOnlyForDeploymentPostprocessing = 0;
		};
		184CFCE11EAE1F0F002EC798 /* Sources */ = {
			isa = PBXSourcesBuildPhase;
			buildActionMask = 2147483647;
			files = (
				184CFCEA1EAE1F0F002EC798 /* MinorDianpingTests.swift in Sources */,
			);
			runOnlyForDeploymentPostprocessing = 0;
		};
		184CFCEC1EAE1F0F002EC798 /* Sources */ = {
			isa = PBXSourcesBuildPhase;
			buildActionMask = 2147483647;
			files = (
				184CFCF51EAE1F0F002EC798 /* MinorDianpingUITests.swift in Sources */,
			);
			runOnlyForDeploymentPostprocessing = 0;
		};
/* End PBXSourcesBuildPhase section */

/* Begin PBXTargetDependency section */
		184CFCE71EAE1F0F002EC798 /* PBXTargetDependency */ = {
			isa = PBXTargetDependency;
			target = 184CFCCD1EAE1F0E002EC798 /* MinorDianping */;
			targetProxy = 184CFCE61EAE1F0F002EC798 /* PBXContainerItemProxy */;
		};
		184CFCF21EAE1F0F002EC798 /* PBXTargetDependency */ = {
			isa = PBXTargetDependency;
			target = 184CFCCD1EAE1F0E002EC798 /* MinorDianping */;
			targetProxy = 184CFCF11EAE1F0F002EC798 /* PBXContainerItemProxy */;
		};
/* End PBXTargetDependency section */

/* Begin PBXVariantGroup section */
		184CFCD51EAE1F0E002EC798 /* Main.storyboard */ = {
			isa = PBXVariantGroup;
			children = (
				184CFCD61EAE1F0E002EC798 /* Base */,
			);
			name = Main.storyboard;
			sourceTree = "<group>";
		};
		184CFCDD1EAE1F0E002EC798 /* LaunchScreen.storyboard */ = {
			isa = PBXVariantGroup;
			children = (
				184CFCDE1EAE1F0E002EC798 /* Base */,
			);
			name = LaunchScreen.storyboard;
			sourceTree = "<group>";
		};
/* End PBXVariantGroup section */

/* Begin XCBuildConfiguration section */
		184CFCF71EAE1F0F002EC798 /* Debug */ = {
			isa = XCBuildConfiguration;
			buildSettings = {
				ALWAYS_SEARCH_USER_PATHS = NO;
				CLANG_ANALYZER_NONNULL = YES;
				CLANG_CXX_LANGUAGE_STANDARD = "gnu++0x";
				CLANG_CXX_LIBRARY = "libc++";
				CLANG_ENABLE_MODULES = YES;
				CLANG_ENABLE_OBJC_ARC = YES;
				CLANG_WARN_BOOL_CONVERSION = YES;
				CLANG_WARN_CONSTANT_CONVERSION = YES;
				CLANG_WARN_DIRECT_OBJC_ISA_USAGE = YES_ERROR;
				CLANG_WARN_DOCUMENTATION_COMMENTS = YES;
				CLANG_WARN_EMPTY_BODY = YES;
				CLANG_WARN_ENUM_CONVERSION = YES;
				CLANG_WARN_INFINITE_RECURSION = YES;
				CLANG_WARN_INT_CONVERSION = YES;
				CLANG_WARN_OBJC_ROOT_CLASS = YES_ERROR;
				CLANG_WARN_SUSPICIOUS_MOVE = YES;
				CLANG_WARN_UNREACHABLE_CODE = YES;
				CLANG_WARN__DUPLICATE_METHOD_MATCH = YES;
				"CODE_SIGN_IDENTITY[sdk=iphoneos*]" = "iPhone Developer";
				COPY_PHASE_STRIP = NO;
				DEBUG_INFORMATION_FORMAT = dwarf;
				ENABLE_STRICT_OBJC_MSGSEND = YES;
				ENABLE_TESTABILITY = YES;
				GCC_C_LANGUAGE_STANDARD = gnu99;
				GCC_DYNAMIC_NO_PIC = NO;
				GCC_NO_COMMON_BLOCKS = YES;
				GCC_OPTIMIZATION_LEVEL = 0;
				GCC_PREPROCESSOR_DEFINITIONS = (
					"DEBUG=1",
					"$(inherited)",
				);
				GCC_WARN_64_TO_32_BIT_CONVERSION = YES;
				GCC_WARN_ABOUT_RETURN_TYPE = YES_ERROR;
				GCC_WARN_UNDECLARED_SELECTOR = YES;
				GCC_WARN_UNINITIALIZED_AUTOS = YES_AGGRESSIVE;
				GCC_WARN_UNUSED_FUNCTION = YES;
				GCC_WARN_UNUSED_VARIABLE = YES;
				IPHONEOS_DEPLOYMENT_TARGET = 10.2;
				MTL_ENABLE_DEBUG_INFO = YES;
				ONLY_ACTIVE_ARCH = YES;
				PRODUCT_NAME = "";
				SDKROOT = iphoneos;
				SWIFT_ACTIVE_COMPILATION_CONDITIONS = DEBUG;
				SWIFT_OBJC_BRIDGING_HEADER = "$(SRCROOT)/$(PROJECT_NAME)/$(PROJECT_NAME)-Bridging-Header.h";
				SWIFT_OPTIMIZATION_LEVEL = "-Onone";
				TARGETED_DEVICE_FAMILY = "1,2";
			};
			name = Debug;
		};
		184CFCF81EAE1F0F002EC798 /* Release */ = {
			isa = XCBuildConfiguration;
			buildSettings = {
				ALWAYS_SEARCH_USER_PATHS = NO;
				CLANG_ANALYZER_NONNULL = YES;
				CLANG_CXX_LANGUAGE_STANDARD = "gnu++0x";
				CLANG_CXX_LIBRARY = "libc++";
				CLANG_ENABLE_MODULES = YES;
				CLANG_ENABLE_OBJC_ARC = YES;
				CLANG_WARN_BOOL_CONVERSION = YES;
				CLANG_WARN_CONSTANT_CONVERSION = YES;
				CLANG_WARN_DIRECT_OBJC_ISA_USAGE = YES_ERROR;
				CLANG_WARN_DOCUMENTATION_COMMENTS = YES;
				CLANG_WARN_EMPTY_BODY = YES;
				CLANG_WARN_ENUM_CONVERSION = YES;
				CLANG_WARN_INFINITE_RECURSION = YES;
				CLANG_WARN_INT_CONVERSION = YES;
				CLANG_WARN_OBJC_ROOT_CLASS = YES_ERROR;
				CLANG_WARN_SUSPICIOUS_MOVE = YES;
				CLANG_WARN_UNREACHABLE_CODE = YES;
				CLANG_WARN__DUPLICATE_METHOD_MATCH = YES;
				"CODE_SIGN_IDENTITY[sdk=iphoneos*]" = "iPhone Developer";
				COPY_PHASE_STRIP = NO;
				DEBUG_INFORMATION_FORMAT = "dwarf-with-dsym";
				ENABLE_NS_ASSERTIONS = NO;
				ENABLE_STRICT_OBJC_MSGSEND = YES;
				GCC_C_LANGUAGE_STANDARD = gnu99;
				GCC_NO_COMMON_BLOCKS = YES;
				GCC_WARN_64_TO_32_BIT_CONVERSION = YES;
				GCC_WARN_ABOUT_RETURN_TYPE = YES_ERROR;
				GCC_WARN_UNDECLARED_SELECTOR = YES;
				GCC_WARN_UNINITIALIZED_AUTOS = YES_AGGRESSIVE;
				GCC_WARN_UNUSED_FUNCTION = YES;
				GCC_WARN_UNUSED_VARIABLE = YES;
				IPHONEOS_DEPLOYMENT_TARGET = 10.2;
				MTL_ENABLE_DEBUG_INFO = NO;
				PRODUCT_NAME = "";
				SDKROOT = iphoneos;
				SWIFT_OBJC_BRIDGING_HEADER = "$(SRCROOT)/$(PROJECT_NAME)/$(PROJECT_NAME)-Bridging-Header.h";
				SWIFT_OPTIMIZATION_LEVEL = "-Owholemodule";
				TARGETED_DEVICE_FAMILY = "1,2";
				VALIDATE_PRODUCT = YES;
			};
			name = Release;
		};
		184CFCFA1EAE1F0F002EC798 /* Debug */ = {
			isa = XCBuildConfiguration;
			buildSettings = {
				ASSETCATALOG_COMPILER_APPICON_NAME = AppIcon;
				DEVELOPMENT_TEAM = 3F528M7TXJ;
				INFOPLIST_FILE = MinorDianping/Info.plist;
				IPHONEOS_DEPLOYMENT_TARGET = 10.3;
				LD_RUNPATH_SEARCH_PATHS = "$(inherited) @executable_path/Frameworks";
				PRODUCT_BUNDLE_IDENTIFIER = zhecheng.MinorDianping;
				PRODUCT_NAME = "$(TARGET_NAME)";
				SWIFT_VERSION = 3.0;
			};
			name = Debug;
		};
		184CFCFB1EAE1F0F002EC798 /* Release */ = {
			isa = XCBuildConfiguration;
			buildSettings = {
				ASSETCATALOG_COMPILER_APPICON_NAME = AppIcon;
				DEVELOPMENT_TEAM = 3F528M7TXJ;
				INFOPLIST_FILE = MinorDianping/Info.plist;
				IPHONEOS_DEPLOYMENT_TARGET = 10.3;
				LD_RUNPATH_SEARCH_PATHS = "$(inherited) @executable_path/Frameworks";
				PRODUCT_BUNDLE_IDENTIFIER = zhecheng.MinorDianping;
				PRODUCT_NAME = "$(TARGET_NAME)";
				SWIFT_VERSION = 3.0;
			};
			name = Release;
		};
		184CFCFD1EAE1F0F002EC798 /* Debug */ = {
			isa = XCBuildConfiguration;
			buildSettings = {
				ALWAYS_EMBED_SWIFT_STANDARD_LIBRARIES = YES;
				BUNDLE_LOADER = "$(TEST_HOST)";
				INFOPLIST_FILE = MinorDianpingTests/Info.plist;
				IPHONEOS_DEPLOYMENT_TARGET = 10.0;
				LD_RUNPATH_SEARCH_PATHS = "$(inherited) @executable_path/Frameworks @loader_path/Frameworks";
				PRODUCT_BUNDLE_IDENTIFIER = cn.edu.nju.MinorDianpingTests;
				PRODUCT_NAME = "$(TARGET_NAME)";
				SWIFT_VERSION = 3.0;
				TEST_HOST = "$(BUILT_PRODUCTS_DIR)/MinorDianping.app/MinorDianping";
			};
			name = Debug;
		};
		184CFCFE1EAE1F0F002EC798 /* Release */ = {
			isa = XCBuildConfiguration;
			buildSettings = {
				ALWAYS_EMBED_SWIFT_STANDARD_LIBRARIES = YES;
				BUNDLE_LOADER = "$(TEST_HOST)";
				INFOPLIST_FILE = MinorDianpingTests/Info.plist;
				IPHONEOS_DEPLOYMENT_TARGET = 10.0;
				LD_RUNPATH_SEARCH_PATHS = "$(inherited) @executable_path/Frameworks @loader_path/Frameworks";
				PRODUCT_BUNDLE_IDENTIFIER = cn.edu.nju.MinorDianpingTests;
				PRODUCT_NAME = "$(TARGET_NAME)";
				SWIFT_VERSION = 3.0;
				TEST_HOST = "$(BUILT_PRODUCTS_DIR)/MinorDianping.app/MinorDianping";
			};
			name = Release;
		};
		184CFD001EAE1F0F002EC798 /* Debug */ = {
			isa = XCBuildConfiguration;
			buildSettings = {
				ALWAYS_EMBED_SWIFT_STANDARD_LIBRARIES = YES;
				INFOPLIST_FILE = MinorDianpingUITests/Info.plist;
				IPHONEOS_DEPLOYMENT_TARGET = 10.0;
				LD_RUNPATH_SEARCH_PATHS = "$(inherited) @executable_path/Frameworks @loader_path/Frameworks";
				PRODUCT_BUNDLE_IDENTIFIER = cn.edu.nju.MinorDianpingUITests;
				PRODUCT_NAME = "$(TARGET_NAME)";
				SWIFT_VERSION = 3.0;
				TEST_TARGET_NAME = MinorDianping;
			};
			name = Debug;
		};
		184CFD011EAE1F0F002EC798 /* Release */ = {
			isa = XCBuildConfiguration;
			buildSettings = {
				ALWAYS_EMBED_SWIFT_STANDARD_LIBRARIES = YES;
				INFOPLIST_FILE = MinorDianpingUITests/Info.plist;
				IPHONEOS_DEPLOYMENT_TARGET = 10.0;
				LD_RUNPATH_SEARCH_PATHS = "$(inherited) @executable_path/Frameworks @loader_path/Frameworks";
				PRODUCT_BUNDLE_IDENTIFIER = cn.edu.nju.MinorDianpingUITests;
				PRODUCT_NAME = "$(TARGET_NAME)";
				SWIFT_VERSION = 3.0;
				TEST_TARGET_NAME = MinorDianping;
			};
			name = Release;
		};
/* End XCBuildConfiguration section */

/* Begin XCConfigurationList section */
		184CFCC91EAE1F0E002EC798 /* Build configuration list for PBXProject "MinorDianping" */ = {
			isa = XCConfigurationList;
			buildConfigurations = (
				184CFCF71EAE1F0F002EC798 /* Debug */,
				184CFCF81EAE1F0F002EC798 /* Release */,
			);
			defaultConfigurationIsVisible = 0;
			defaultConfigurationName = Release;
		};
		184CFCF91EAE1F0F002EC798 /* Build configuration list for PBXNativeTarget "MinorDianping" */ = {
			isa = XCConfigurationList;
			buildConfigurations = (
				184CFCFA1EAE1F0F002EC798 /* Debug */,
				184CFCFB1EAE1F0F002EC798 /* Release */,
			);
			defaultConfigurationIsVisible = 0;
			defaultConfigurationName = Release;
		};
		184CFCFC1EAE1F0F002EC798 /* Build configuration list for PBXNativeTarget "MinorDianpingTests" */ = {
			isa = XCConfigurationList;
			buildConfigurations = (
				184CFCFD1EAE1F0F002EC798 /* Debug */,
				184CFCFE1EAE1F0F002EC798 /* Release */,
			);
			defaultConfigurationIsVisible = 0;
			defaultConfigurationName = Release;
		};
		184CFCFF1EAE1F0F002EC798 /* Build configuration list for PBXNativeTarget "MinorDianpingUITests" */ = {
			isa = XCConfigurationList;
			buildConfigurations = (
				184CFD001EAE1F0F002EC798 /* Debug */,
				184CFD011EAE1F0F002EC798 /* Release */,
			);
			defaultConfigurationIsVisible = 0;
			defaultConfigurationName = Release;
		};
/* End XCConfigurationList section */

/* Begin XCVersionGroup section */
		18294F6E1EE6DE1700815EDA /* MinorDianping.xcdatamodeld */ = {
			isa = XCVersionGroup;
			children = (
				185303E41EE987E60027B683 /* MinorDianping v6.xcdatamodel */,
				18294F6F1EE6DE1700815EDA /* MinorDianping v2.xcdatamodel */,
				18294F701EE6DE1700815EDA /* MinorDianping v3.xcdatamodel */,
				18294F711EE6DE1700815EDA /* MinorDianping v4.xcdatamodel */,
				18294F721EE6DE1700815EDA /* MinorDianping v5.xcdatamodel */,
				18294F731EE6DE1700815EDA /* MinorDianping.xcdatamodel */,
			);
			currentVersion = 185303E41EE987E60027B683 /* MinorDianping v6.xcdatamodel */;
			path = MinorDianping.xcdatamodeld;
			sourceTree = "<group>";
			versionGroupType = wrapper.xcdatamodel;
		};
/* End XCVersionGroup section */
	};
	rootObject = 184CFCC61EAE1F0E002EC798 /* Project object */;
}
